
Microsoft Visual Studio Solution File, Format Version 12.00
# Visual Studio Version 16
VisualStudioVersion = 16.0.29911.84
MinimumVisualStudioVersion = 10.0.40219.1
Project("{FAE04EC0-301F-11D3-BF4B-00C04F79EFBC}") = "SampleApp", "SampleApp\SampleApp.csproj", "{39926FC0-1556-438B-883A-FAC0F66FEF29}"
EndProject
Global
	GlobalSection(SolutionConfigurationPlatforms) = preSolution
		Debug|Any CPU = Debug|Any CPU
		Release|Any CPU = Release|Any CPU
	EndGlobalSection
	GlobalSection(ProjectConfigurationPlatforms) = postSolution
		{39926FC0-1556-438B-883A-FAC0F66FEF29}.Debug|Any CPU.ActiveCfg = Debug|Any CPU
		{39926FC0-1556-438B-883A-FAC0F66FEF29}.Debug|Any CPU.Build.0 = Debug|Any CPU
		{39926FC0-1556-438B-883A-FAC0F66FEF29}.Release|Any CPU.ActiveCfg = Release|Any CPU
		{39926FC0-1556-438B-883A-FAC0F66FEF29}.Release|Any CPU.Build.0 = Release|Any CPU
	EndGlobalSection
	GlobalSection(SolutionProperties) = preSolution
		HideSolutionNode = FALSE
	EndGlobalSection
	GlobalSection(ExtensibilityGlobals) = postSolution
		SolutionGuid = {03279691-7381-48C3-8D1A-1D4758A75712}
	EndGlobalSection
EndGlobal
